
Microsoft Visual Studio Solution File, Format Version 12.00
# Visual Studio Version 17
VisualStudioVersion = 17.11.35222.181
MinimumVisualStudioVersion = 10.0.40219.1
Project("{FAE04EC0-301F-11D3-BF4B-00C04F79EFBC}") = "Testing Tab", "Testing Tab\Testing Tab.csproj", "{418CC3D1-27EF-4063-9143-28D27DB4425F}"
EndProject
Global
	GlobalSection(SolutionConfigurationPlatforms) = preSolution
		Debug|Any CPU = Debug|Any CPU
		Release|Any CPU = Release|Any CPU
	EndGlobalSection
	GlobalSection(ProjectConfigurationPlatforms) = postSolution
		{418CC3D1-27EF-4063-9143-28D27DB4425F}.Debug|Any CPU.ActiveCfg = Debug|Any CPU
		{418CC3D1-27EF-4063-9143-28D27DB4425F}.Debug|Any CPU.Build.0 = Debug|Any CPU
		{418CC3D1-27EF-4063-9143-28D27DB4425F}.Debug|Any CPU.Deploy.0 = Debug|Any CPU
		{418CC3D1-27EF-4063-9143-28D27DB4425F}.Release|Any CPU.ActiveCfg = Release|Any CPU
		{418CC3D1-27EF-4063-9143-28D27DB4425F}.Release|Any CPU.Build.0 = Release|Any CPU
		{418CC3D1-27EF-4063-9143-28D27DB4425F}.Release|Any CPU.Deploy.0 = Release|Any CPU
	EndGlobalSection
	GlobalSection(SolutionProperties) = preSolution
		HideSolutionNode = FALSE
	EndGlobalSection
	GlobalSection(ExtensibilityGlobals) = postSolution
		SolutionGuid = {5A21CC10-FD09-4660-BB24-562FE00CD59E}
	EndGlobalSection
EndGlobal
